
Microsoft Visual Studio Solution File, Format Version 11.00
# Visual Studio 2010
Project("{FAE04EC0-301F-11D3-BF4B-00C04F79EFBC}") = "Assembly-CSharp", "Assembly-CSharp.csproj", "{CA4F2BFE-9D5F-EA26-40E9-473F503BE51C}"
EndProject
Project("{FAE04EC0-301F-11D3-BF4B-00C04F79EFBC}") = "Assembly-CSharp-Editor", "Assembly-CSharp-Editor.csproj", "{1E96ED08-9E28-0125-2291-D231ADE16892}"
EndProject
Global
	GlobalSection(SolutionConfigurationPlatforms) = preSolution
		Debug|Any CPU = Debug|Any CPU
		Release|Any CPU = Release|Any CPU
	EndGlobalSection
	GlobalSection(ProjectConfigurationPlatforms) = postSolution
		{CA4F2BFE-9D5F-EA26-40E9-473F503BE51C}.Debug|Any CPU.ActiveCfg = Debug|Any CPU
		{CA4F2BFE-9D5F-EA26-40E9-473F503BE51C}.Debug|Any CPU.Build.0 = Debug|Any CPU
		{CA4F2BFE-9D5F-EA26-40E9-473F503BE51C}.Release|Any CPU.ActiveCfg = Release|Any CPU
		{CA4F2BFE-9D5F-EA26-40E9-473F503BE51C}.Release|Any CPU.Build.0 = Release|Any CPU
		{1E96ED08-9E28-0125-2291-D231ADE16892}.Debug|Any CPU.ActiveCfg = Debug|Any CPU
		{1E96ED08-9E28-0125-2291-D231ADE16892}.Debug|Any CPU.Build.0 = Debug|Any CPU
		{1E96ED08-9E28-0125-2291-D231ADE16892}.Release|Any CPU.ActiveCfg = Release|Any CPU
		{1E96ED08-9E28-0125-2291-D231ADE16892}.Release|Any CPU.Build.0 = Release|Any CPU
	EndGlobalSection
	GlobalSection(SolutionProperties) = preSolution
		HideSolutionNode = FALSE
	EndGlobalSection
EndGlobal
